<?xml version="1.0" encoding="utf-8"?>
<Project ToolsVersion="4.0" xmlns="http://schemas.microsoft.com/developer/msbuild/2003">
  <ItemGroup>
    <None Include="spatial_cell_sim.ruleset" />
    <None Include="config.json" />
  </ItemGroup>
  <ItemGroup>
    <CudaCompile Include="src\main.cu" />
  </ItemGroup>
  <ItemGroup>
    <ClCompile Include="src\constants.cuh" />
    <ClCompile Include="src\types.cuh" />
    <ClCompile Include="src\macros.cuh" />
  </ItemGroup>
  <ItemGroup>
    <ClInclude Include="src\math.cuh" />
    <ClInclude Include="src\grid.cuh" />
    <ClInclude Include="src\memory.cuh" />
    <ClInclude Include="src\dynamics.cuh" />
    <ClInclude Include="src\time.cuh" />
    <ClInclude Include="src\interactions.cuh" />
    <ClInclude Include="src\setup\particle_setup.cuh" />
    <ClInclude Include="src\setup\interaction_setup.cuh" />
    <ClInclude Include="src\storage.cuh" />
    <ClInclude Include="src\metabolites.cuh" />
    <ClInclude Include="src\random.cuh" />
    <ClInclude Include="src\setup\metabolite_setup.cuh" />
    <ClInclude Include="src\chemistry.cuh" />
    <ClInclude Include="src\config.cuh" />
  </ItemGroup>
</Project>